
Microsoft Visual Studio Solution File, Format Version 12.00
# Visual Studio Version 17
VisualStudioVersion = 17.14.36202.13
MinimumVisualStudioVersion = 10.0.40219.1
Project("{FAE04EC0-301F-11D3-BF4B-00C04F79EFBC}") = "Projeto eventos", "Projeto eventos\Projeto eventos.csproj", "{8E59CEED-FE83-4540-83EF-D7DA84E32BCF}"
EndProject
Global
	GlobalSection(SolutionConfigurationPlatforms) = preSolution
		Debug|Any CPU = Debug|Any CPU
		Release|Any CPU = Release|Any CPU
	EndGlobalSection
	GlobalSection(ProjectConfigurationPlatforms) = postSolution
		{8E59CEED-FE83-4540-83EF-D7DA84E32BCF}.Debug|Any CPU.ActiveCfg = Debug|Any CPU
		{8E59CEED-FE83-4540-83EF-D7DA84E32BCF}.Debug|Any CPU.Build.0 = Debug|Any CPU
		{8E59CEED-FE83-4540-83EF-D7DA84E32BCF}.Release|Any CPU.ActiveCfg = Release|Any CPU
		{8E59CEED-FE83-4540-83EF-D7DA84E32BCF}.Release|Any CPU.Build.0 = Release|Any CPU
	EndGlobalSection
	GlobalSection(SolutionProperties) = preSolution
		HideSolutionNode = FALSE
	EndGlobalSection
	GlobalSection(ExtensibilityGlobals) = postSolution
		SolutionGuid = {5F3612E8-66EB-4EA0-A2A4-FCDCC01177FC}
	EndGlobalSection
EndGlobal
